
Microsoft Visual Studio Solution File, Format Version 12.00
# Visual Studio Version 17
VisualStudioVersion = 17.0.31903.59
MinimumVisualStudioVersion = 10.0.40219.1
Project("{FAE04EC0-301F-11D3-BF4B-00C04F79EFBC}") = "MyBGList", "MyBGList\MyBGList.csproj", "{DF1757FA-9B8A-480B-85B8-4D88B82061A7}"
EndProject
Global
	GlobalSection(SolutionConfigurationPlatforms) = preSolution
		Debug|Any CPU = Debug|Any CPU
		Release|Any CPU = Release|Any CPU
	EndGlobalSection
	GlobalSection(SolutionProperties) = preSolution
		HideSolutionNode = FALSE
	EndGlobalSection
	GlobalSection(ProjectConfigurationPlatforms) = postSolution
		{DF1757FA-9B8A-480B-85B8-4D88B82061A7}.Debug|Any CPU.ActiveCfg = Debug|Any CPU
		{DF1757FA-9B8A-480B-85B8-4D88B82061A7}.Debug|Any CPU.Build.0 = Debug|Any CPU
		{DF1757FA-9B8A-480B-85B8-4D88B82061A7}.Release|Any CPU.ActiveCfg = Release|Any CPU
		{DF1757FA-9B8A-480B-85B8-4D88B82061A7}.Release|Any CPU.Build.0 = Release|Any CPU
	EndGlobalSection
EndGlobal
